
Microsoft Visual Studio Solution File, Format Version 12.00
# Visual Studio Version 16
VisualStudioVersion = 16.0.32126.315
MinimumVisualStudioVersion = 10.0.40219.1
Project("{9A19103F-16F7-4668-BE54-9A1E7A4F7556}") = "DentalManagement.Data", "DentalManagement.Data\DentalManagement.Data.csproj", "{8A6FFC82-100C-46AB-BC71-9D7DC71B30B3}"
EndProject
Project("{9A19103F-16F7-4668-BE54-9A1E7A4F7556}") = "DentalManagement.WebApp", "DentalManagement.WebApp\DentalManagement.WebApp.csproj", "{AF9F2D57-8508-469D-86FE-87EC81517CC6}"
EndProject
Project("{9A19103F-16F7-4668-BE54-9A1E7A4F7556}") = "DentalManagement.Application", "DentalManagement.Application\DentalManagement.Application.csproj", "{992011A1-5C9D-48F1-A743-FE8764ACD789}"
EndProject
Global
	GlobalSection(SolutionConfigurationPlatforms) = preSolution
		Debug|Any CPU = Debug|Any CPU
		Release|Any CPU = Release|Any CPU
	EndGlobalSection
	GlobalSection(ProjectConfigurationPlatforms) = postSolution
		{8A6FFC82-100C-46AB-BC71-9D7DC71B30B3}.Debug|Any CPU.ActiveCfg = Debug|Any CPU
		{8A6FFC82-100C-46AB-BC71-9D7DC71B30B3}.Debug|Any CPU.Build.0 = Debug|Any CPU
		{8A6FFC82-100C-46AB-BC71-9D7DC71B30B3}.Release|Any CPU.ActiveCfg = Release|Any CPU
		{8A6FFC82-100C-46AB-BC71-9D7DC71B30B3}.Release|Any CPU.Build.0 = Release|Any CPU
		{AF9F2D57-8508-469D-86FE-87EC81517CC6}.Debug|Any CPU.ActiveCfg = Debug|Any CPU
		{AF9F2D57-8508-469D-86FE-87EC81517CC6}.Debug|Any CPU.Build.0 = Debug|Any CPU
		{AF9F2D57-8508-469D-86FE-87EC81517CC6}.Release|Any CPU.ActiveCfg = Release|Any CPU
		{AF9F2D57-8508-469D-86FE-87EC81517CC6}.Release|Any CPU.Build.0 = Release|Any CPU
		{992011A1-5C9D-48F1-A743-FE8764ACD789}.Debug|Any CPU.ActiveCfg = Debug|Any CPU
		{992011A1-5C9D-48F1-A743-FE8764ACD789}.Debug|Any CPU.Build.0 = Debug|Any CPU
		{992011A1-5C9D-48F1-A743-FE8764ACD789}.Release|Any CPU.ActiveCfg = Release|Any CPU
		{992011A1-5C9D-48F1-A743-FE8764ACD789}.Release|Any CPU.Build.0 = Release|Any CPU
	EndGlobalSection
	GlobalSection(SolutionProperties) = preSolution
		HideSolutionNode = FALSE
	EndGlobalSection
	GlobalSection(ExtensibilityGlobals) = postSolution
		SolutionGuid = {EC784A12-EE5F-427A-A688-6B8D4EE80307}
	EndGlobalSection
EndGlobal
