
Microsoft Visual Studio Solution File, Format Version 12.00
# Visual Studio Version 16
VisualStudioVersion = 16.0.32126.315
MinimumVisualStudioVersion = 10.0.40219.1
Project("{9A19103F-16F7-4668-BE54-9A1E7A4F7556}") = "DentalManagement.Data", "DentalManagement.Data\DentalManagement.Data.csproj", "{8A6FFC82-100C-46AB-BC71-9D7DC71B30B3}"
EndProject
Project("{9A19103F-16F7-4668-BE54-9A1E7A4F7556}") = "DentalManagement.WebApp", "DentalManagement.WebApp\DentalManagement.WebApp.csproj", "{AF9F2D57-8508-469D-86FE-87EC81517CC6}"
EndProject
Project("{9A19103F-16F7-4668-BE54-9A1E7A4F7556}") = "DentalManagement.Application", "DentalManagement.Application\DentalManagement.Application.csproj", "{992011A1-5C9D-48F1-A743-FE8764ACD789}"
EndProject
Project("{9A19103F-16F7-4668-BE54-9A1E7A4F7556}") = "DentalManagement.Utilities", "DentalManagement.Utillities\DentalManagement.Utilities.csproj", "{6CBDD170-9218-4700-BD4F-14DB77994EBD}"
EndProject
Project("{9A19103F-16F7-4668-BE54-9A1E7A4F7556}") = "DentalManagement.BackendAPI", "DentalManagement.BackendAPI\DentalManagement.BackendAPI.csproj", "{129624DB-5DED-48CA-970D-352784B026CA}"
EndProject
Project("{9A19103F-16F7-4668-BE54-9A1E7A4F7556}") = "DentalManagement.Admin", "DentalManagement.Admin\DentalManagement.Admin.csproj", "{5234E29C-8B06-4FAF-8DF0-EEDF9ED0EA9B}"
EndProject
Project("{9A19103F-16F7-4668-BE54-9A1E7A4F7556}") = "DentalManagement.ViewModels", "DentalManagement.ViewModels\DentalManagement.ViewModels.csproj", "{8A475B7D-58CC-4686-8FF5-825C39226FB4}"
EndProject
Project("{2150E333-8FDC-42A3-9474-1A3956D46DE8}") = "Solution Items", "Solution Items", "{708610F8-70AA-46E2-B88E-1DBEC6A9391B}"
	ProjectSection(SolutionItems) = preProject
		.editorconfig = .editorconfig
	EndProjectSection
EndProject
Global
	GlobalSection(SolutionConfigurationPlatforms) = preSolution
		Debug|Any CPU = Debug|Any CPU
		Release|Any CPU = Release|Any CPU
	EndGlobalSection
	GlobalSection(ProjectConfigurationPlatforms) = postSolution
		{8A6FFC82-100C-46AB-BC71-9D7DC71B30B3}.Debug|Any CPU.ActiveCfg = Debug|Any CPU
		{8A6FFC82-100C-46AB-BC71-9D7DC71B30B3}.Debug|Any CPU.Build.0 = Debug|Any CPU
		{8A6FFC82-100C-46AB-BC71-9D7DC71B30B3}.Release|Any CPU.ActiveCfg = Release|Any CPU
		{8A6FFC82-100C-46AB-BC71-9D7DC71B30B3}.Release|Any CPU.Build.0 = Release|Any CPU
		{AF9F2D57-8508-469D-86FE-87EC81517CC6}.Debug|Any CPU.ActiveCfg = Debug|Any CPU
		{AF9F2D57-8508-469D-86FE-87EC81517CC6}.Debug|Any CPU.Build.0 = Debug|Any CPU
		{AF9F2D57-8508-469D-86FE-87EC81517CC6}.Release|Any CPU.ActiveCfg = Release|Any CPU
		{AF9F2D57-8508-469D-86FE-87EC81517CC6}.Release|Any CPU.Build.0 = Release|Any CPU
		{992011A1-5C9D-48F1-A743-FE8764ACD789}.Debug|Any CPU.ActiveCfg = Debug|Any CPU
		{992011A1-5C9D-48F1-A743-FE8764ACD789}.Debug|Any CPU.Build.0 = Debug|Any CPU
		{992011A1-5C9D-48F1-A743-FE8764ACD789}.Release|Any CPU.ActiveCfg = Release|Any CPU
		{992011A1-5C9D-48F1-A743-FE8764ACD789}.Release|Any CPU.Build.0 = Release|Any CPU
		{6CBDD170-9218-4700-BD4F-14DB77994EBD}.Debug|Any CPU.ActiveCfg = Debug|Any CPU
		{6CBDD170-9218-4700-BD4F-14DB77994EBD}.Debug|Any CPU.Build.0 = Debug|Any CPU
		{6CBDD170-9218-4700-BD4F-14DB77994EBD}.Release|Any CPU.ActiveCfg = Release|Any CPU
		{6CBDD170-9218-4700-BD4F-14DB77994EBD}.Release|Any CPU.Build.0 = Release|Any CPU
		{129624DB-5DED-48CA-970D-352784B026CA}.Debug|Any CPU.ActiveCfg = Debug|Any CPU
		{129624DB-5DED-48CA-970D-352784B026CA}.Debug|Any CPU.Build.0 = Debug|Any CPU
		{129624DB-5DED-48CA-970D-352784B026CA}.Release|Any CPU.ActiveCfg = Release|Any CPU
		{129624DB-5DED-48CA-970D-352784B026CA}.Release|Any CPU.Build.0 = Release|Any CPU
		{5234E29C-8B06-4FAF-8DF0-EEDF9ED0EA9B}.Debug|Any CPU.ActiveCfg = Debug|Any CPU
		{5234E29C-8B06-4FAF-8DF0-EEDF9ED0EA9B}.Debug|Any CPU.Build.0 = Debug|Any CPU
		{5234E29C-8B06-4FAF-8DF0-EEDF9ED0EA9B}.Release|Any CPU.ActiveCfg = Release|Any CPU
		{5234E29C-8B06-4FAF-8DF0-EEDF9ED0EA9B}.Release|Any CPU.Build.0 = Release|Any CPU
		{8A475B7D-58CC-4686-8FF5-825C39226FB4}.Debug|Any CPU.ActiveCfg = Debug|Any CPU
		{8A475B7D-58CC-4686-8FF5-825C39226FB4}.Debug|Any CPU.Build.0 = Debug|Any CPU
		{8A475B7D-58CC-4686-8FF5-825C39226FB4}.Release|Any CPU.ActiveCfg = Release|Any CPU
		{8A475B7D-58CC-4686-8FF5-825C39226FB4}.Release|Any CPU.Build.0 = Release|Any CPU
	EndGlobalSection
	GlobalSection(SolutionProperties) = preSolution
		HideSolutionNode = FALSE
	EndGlobalSection
	GlobalSection(ExtensibilityGlobals) = postSolution
		SolutionGuid = {EC784A12-EE5F-427A-A688-6B8D4EE80307}
	EndGlobalSection
EndGlobal
